{
  "version": 4,
  "terraform_version": "1.5.7",
  "serial": 210,
  "lineage": "851a6af5-7f46-5d2f-6186-41d61fc66560",
  "outputs": {
    "bastion_public_ip": {
      "value": "51.250.0.118",
      "type": "string"
    },
    "database_fqdn": {
      "value": "rc1b-p670spa0ap50716p.mdb.yandexcloud.net",
      "type": "string"
    },
    "private_server_ip": {
      "value": "192.168.20.6",
      "type": "string"
    }
  },
  "resources": [
    {
      "module": "module.compute",
      "mode": "managed",
      "type": "yandex_compute_instance",
      "name": "bastion",
      "provider": "provider[\"registry.terraform.io/yandex-cloud/yandex\"]",
      "instances": [
        {
          "schema_version": 1,
          "attributes": {
            "allow_recreate": null,
            "allow_stopping_for_update": null,
            "boot_disk": [
              {
                "auto_delete": true,
                "device_name": "fhm95alma381di7as7ef",
                "disk_id": "fhm95alma381di7as7ef",
                "initialize_params": [
                  {
                    "block_size": 4096,
                    "description": "",
                    "image_id": "fd827b91d99psvq5fjit",
                    "kms_key_id": "",
                    "name": "",
                    "size": 3,
                    "snapshot_id": "",
                    "type": "network-hdd"
                  }
                ],
                "mode": "READ_WRITE"
              }
            ],
            "created_at": "2025-04-07T21:42:53Z",
            "description": "",
            "filesystem": [],
            "folder_id": "b1g29785h55ampa74ipj",
            "fqdn": "fhmsif2qkkvuhvs7dunc.auto.internal",
            "gpu_cluster_id": "",
            "hardware_generation": [
              {
                "generation2_features": [],
                "legacy_features": [
                  {
                    "pci_topology": "PCI_TOPOLOGY_V1"
                  }
                ]
              }
            ],
            "hostname": "",
            "id": "fhmsif2qkkvuhvs7dunc",
            "labels": null,
            "local_disk": [],
            "maintenance_grace_period": "",
            "maintenance_policy": null,
            "metadata": {
              "ssh-keys": "ubuntu:ssh-rsa AAAAB3NzaC1yc2EAAAADAQABAAABAQCWK33Y2HY7P7F02Y/wCaVvHM8+jqxuDfwqID/GoU65qcq0HFUOlLoy5+gojV+F0xofvuAX6RUAbLEliv8c7hkHqpM8NHp0m65yBC54zeHoR6D2yEj1guOLVNo1kKpoXk6y4GdfkBsB1ygEJcLxkkeME6poXI8Nf4aX8+uA0BMRD0pi/trpAG9e8iKhTLxQ0daNbqgj+eBDRcV6tXcbyAZRJcHV+yUXd5ia8i2C7hjF0QaCpeH+xN3utDAfMSyeqCg/Z/iTSyKhODXhOEO8lEY1oX59cJWauGIhDFA97L6oJNDsmTXn8VZwYxxDNBXzN4bBOmGUlk5eHLkRWZikQ/aV p04ka@MacBook-Pro-Artemij.local\n"
            },
            "metadata_options": [
              {
                "aws_v1_http_endpoint": 1,
                "aws_v1_http_token": 2,
                "gce_http_endpoint": 1,
                "gce_http_token": 1
              }
            ],
            "name": "bastion-host",
            "network_acceleration_type": "standard",
            "network_interface": [
              {
                "dns_record": [],
                "index": 0,
                "ip_address": "192.168.10.26",
                "ipv4": true,
                "ipv6": false,
                "ipv6_address": "",
                "ipv6_dns_record": [],
                "mac_address": "d0:0d:1c:93:c5:aa",
                "nat": true,
                "nat_dns_record": [],
                "nat_ip_address": "51.250.0.118",
                "nat_ip_version": "IPV4",
                "security_group_ids": [
                  "enpkk08q6np47nbi2kpb"
                ],
                "subnet_id": "e9bl5hs8294ftf3f8n4q"
              }
            ],
            "placement_policy": [
              {
                "host_affinity_rules": [],
                "placement_group_id": "",
                "placement_group_partition": 0
              }
            ],
            "platform_id": "standard-v3",
            "resources": [
              {
                "core_fraction": 100,
                "cores": 2,
                "gpus": 0,
                "memory": 2
              }
            ],
            "scheduling_policy": [
              {
                "preemptible": false
              }
            ],
            "secondary_disk": [],
            "service_account_id": "",
            "status": "running",
            "timeouts": null,
            "zone": "ru-central1-a"
          },
          "sensitive_attributes": [],
          "private": "eyJlMmJmYjczMC1lY2FhLTExZTYtOGY4OC0zNDM2M2JjN2M0YzAiOnsiY3JlYXRlIjozMDAwMDAwMDAwMDAsImRlbGV0ZSI6MzAwMDAwMDAwMDAwLCJ1cGRhdGUiOjMwMDAwMDAwMDAwMH0sInNjaGVtYV92ZXJzaW9uIjoiMSJ9",
          "dependencies": [
            "module.network.yandex_vpc_network.this",
            "module.network.yandex_vpc_security_group.bastion",
            "module.network.yandex_vpc_subnet.public"
          ]
        }
      ]
    },
    {
      "module": "module.compute",
      "mode": "managed",
      "type": "yandex_compute_instance",
      "name": "private",
      "provider": "provider[\"registry.terraform.io/yandex-cloud/yandex\"]",
      "instances": [
        {
          "schema_version": 1,
          "attributes": {
            "allow_recreate": null,
            "allow_stopping_for_update": null,
            "boot_disk": [
              {
                "auto_delete": true,
                "device_name": "epdcckj29ijjtp3qop0e",
                "disk_id": "epdcckj29ijjtp3qop0e",
                "initialize_params": [
                  {
                    "block_size": 4096,
                    "description": "",
                    "image_id": "fd827b91d99psvq5fjit",
                    "kms_key_id": "",
                    "name": "",
                    "size": 3,
                    "snapshot_id": "",
                    "type": "network-hdd"
                  }
                ],
                "mode": "READ_WRITE"
              }
            ],
            "created_at": "2025-04-07T21:42:54Z",
            "description": "",
            "filesystem": [],
            "folder_id": "b1g29785h55ampa74ipj",
            "fqdn": "epddc3ck2lo0vgiij0cq.auto.internal",
            "gpu_cluster_id": "",
            "hardware_generation": [
              {
                "generation2_features": [],
                "legacy_features": [
                  {
                    "pci_topology": "PCI_TOPOLOGY_V1"
                  }
                ]
              }
            ],
            "hostname": "",
            "id": "epddc3ck2lo0vgiij0cq",
            "labels": null,
            "local_disk": [],
            "maintenance_grace_period": "",
            "maintenance_policy": null,
            "metadata": {
              "ssh-keys": "ubuntu:ssh-rsa AAAAB3NzaC1yc2EAAAADAQABAAABAQCWK33Y2HY7P7F02Y/wCaVvHM8+jqxuDfwqID/GoU65qcq0HFUOlLoy5+gojV+F0xofvuAX6RUAbLEliv8c7hkHqpM8NHp0m65yBC54zeHoR6D2yEj1guOLVNo1kKpoXk6y4GdfkBsB1ygEJcLxkkeME6poXI8Nf4aX8+uA0BMRD0pi/trpAG9e8iKhTLxQ0daNbqgj+eBDRcV6tXcbyAZRJcHV+yUXd5ia8i2C7hjF0QaCpeH+xN3utDAfMSyeqCg/Z/iTSyKhODXhOEO8lEY1oX59cJWauGIhDFA97L6oJNDsmTXn8VZwYxxDNBXzN4bBOmGUlk5eHLkRWZikQ/aV p04ka@MacBook-Pro-Artemij.local\n"
            },
            "metadata_options": [
              {
                "aws_v1_http_endpoint": 1,
                "aws_v1_http_token": 2,
                "gce_http_endpoint": 1,
                "gce_http_token": 1
              }
            ],
            "name": "private-server",
            "network_acceleration_type": "standard",
            "network_interface": [
              {
                "dns_record": [],
                "index": 0,
                "ip_address": "192.168.20.6",
                "ipv4": true,
                "ipv6": false,
                "ipv6_address": "",
                "ipv6_dns_record": [],
                "mac_address": "d0:0d:d6:0d:94:15",
                "nat": false,
                "nat_dns_record": [],
                "nat_ip_address": "",
                "nat_ip_version": "",
                "security_group_ids": [
                  "enpnc8jl5gn84e1sfi4h"
                ],
                "subnet_id": "e2l2ciutk7hbcdqr3hn7"
              }
            ],
            "placement_policy": [
              {
                "host_affinity_rules": [],
                "placement_group_id": "",
                "placement_group_partition": 0
              }
            ],
            "platform_id": "standard-v3",
            "resources": [
              {
                "core_fraction": 100,
                "cores": 2,
                "gpus": 0,
                "memory": 2
              }
            ],
            "scheduling_policy": [
              {
                "preemptible": false
              }
            ],
            "secondary_disk": [],
            "service_account_id": "",
            "status": "running",
            "timeouts": null,
            "zone": "ru-central1-b"
          },
          "sensitive_attributes": [],
          "private": "eyJlMmJmYjczMC1lY2FhLTExZTYtOGY4OC0zNDM2M2JjN2M0YzAiOnsiY3JlYXRlIjozMDAwMDAwMDAwMDAsImRlbGV0ZSI6MzAwMDAwMDAwMDAwLCJ1cGRhdGUiOjMwMDAwMDAwMDAwMH0sInNjaGVtYV92ZXJzaW9uIjoiMSJ9",
          "dependencies": [
            "module.network.yandex_vpc_network.this",
            "module.network.yandex_vpc_security_group.bastion",
            "module.network.yandex_vpc_security_group.private",
            "module.network.yandex_vpc_subnet.private"
          ]
        }
      ]
    },
    {
      "module": "module.database",
      "mode": "managed",
      "type": "yandex_mdb_postgresql_cluster",
      "name": "this",
      "provider": "provider[\"registry.terraform.io/yandex-cloud/yandex\"]",
      "instances": [
        {
          "schema_version": 0,
          "attributes": {
            "config": [
              {
                "access": [
                  {
                    "data_lens": false,
                    "data_transfer": false,
                    "serverless": false,
                    "web_sql": false
                  }
                ],
                "autofailover": true,
                "backup_retain_period_days": 7,
                "backup_window_start": [
                  {
                    "hours": 0,
                    "minutes": 0
                  }
                ],
                "disk_size_autoscaling": [
                  {
                    "disk_size_limit": 0,
                    "emergency_usage_threshold": 0,
                    "planned_usage_threshold": 0
                  }
                ],
                "performance_diagnostics": [
                  {
                    "enabled": false,
                    "sessions_sampling_interval": 60,
                    "statements_sampling_interval": 600
                  }
                ],
                "pooler_config": [],
                "postgresql_config": {
                  "password_encryption": "1",
                  "shared_preload_libraries": ""
                },
                "resources": [
                  {
                    "disk_size": 16,
                    "disk_type_id": "network-ssd",
                    "resource_preset_id": "s2.micro"
                  }
                ],
                "version": "15"
              }
            ],
            "created_at": "2025-04-07T21:42:54Z",
            "database": [],
            "deletion_protection": false,
            "description": "",
            "environment": "PRESTABLE",
            "folder_id": "b1g29785h55ampa74ipj",
            "health": "HEALTH_UNKNOWN",
            "host": [
              {
                "assign_public_ip": false,
                "fqdn": "rc1b-p670spa0ap50716p.mdb.yandexcloud.net",
                "name": "",
                "priority": 0,
                "replication_source": "",
                "replication_source_name": "",
                "role": "MASTER",
                "subnet_id": "e2l2ciutk7hbcdqr3hn7",
                "zone": "ru-central1-b"
              }
            ],
            "host_group_ids": [],
            "host_master_name": "",
            "id": "c9qvnhi9amdmh9hres1a",
            "labels": {},
            "maintenance_window": [
              {
                "day": "",
                "hour": 0,
                "type": "ANYTIME"
              }
            ],
            "name": "mydb",
            "network_id": "enpvbgv8tts4e4v605c0",
            "restore": [],
            "security_group_ids": [
              "enpnc8jl5gn84e1sfi4h"
            ],
            "status": "RUNNING",
            "timeouts": null,
            "user": []
          },
          "sensitive_attributes": [],
          "private": "eyJlMmJmYjczMC1lY2FhLTExZTYtOGY4OC0zNDM2M2JjN2M0YzAiOnsiY3JlYXRlIjoxODAwMDAwMDAwMDAwLCJkZWxldGUiOjkwMDAwMDAwMDAwMCwidXBkYXRlIjozNjAwMDAwMDAwMDAwfX0=",
          "dependencies": [
            "module.network.yandex_vpc_network.this",
            "module.network.yandex_vpc_security_group.bastion",
            "module.network.yandex_vpc_security_group.private",
            "module.network.yandex_vpc_subnet.private"
          ]
        }
      ]
    },
    {
      "module": "module.database",
      "mode": "managed",
      "type": "yandex_mdb_postgresql_database",
      "name": "default",
      "provider": "provider[\"registry.terraform.io/yandex-cloud/yandex\"]",
      "instances": [
        {
          "schema_version": 0,
          "attributes": {
            "cluster_id": "c9qvnhi9amdmh9hres1a",
            "deletion_protection": "unspecified",
            "extension": [],
            "id": "c9qvnhi9amdmh9hres1a:default111",
            "lc_collate": "C",
            "lc_type": "C",
            "name": "default111",
            "owner": "admim1234",
            "template_db": "",
            "timeouts": null
          },
          "sensitive_attributes": [],
          "private": "eyJlMmJmYjczMC1lY2FhLTExZTYtOGY4OC0zNDM2M2JjN2M0YzAiOnsiY3JlYXRlIjo2MDAwMDAwMDAwMDAsImRlbGV0ZSI6NjAwMDAwMDAwMDAwLCJyZWFkIjo2MDAwMDAwMDAwMCwidXBkYXRlIjo2MDAwMDAwMDAwMDB9fQ==",
          "dependencies": [
            "module.database.yandex_mdb_postgresql_cluster.this",
            "module.network.yandex_vpc_network.this",
            "module.network.yandex_vpc_security_group.bastion",
            "module.network.yandex_vpc_security_group.private",
            "module.network.yandex_vpc_subnet.private"
          ]
        }
      ]
    },
    {
      "module": "module.database",
      "mode": "managed",
      "type": "yandex_mdb_postgresql_user",
      "name": "admin",
      "provider": "provider[\"registry.terraform.io/yandex-cloud/yandex\"]",
      "instances": [
        {
          "schema_version": 0,
          "attributes": {
            "cluster_id": "c9qvnhi9amdmh9hres1a",
            "conn_limit": 50,
            "deletion_protection": "unspecified",
            "grants": null,
            "id": "c9qvnhi9amdmh9hres1a:admim1234",
            "login": true,
            "name": "admim1234",
            "password": "951753asdfGHHG",
            "permission": [],
            "settings": null,
            "timeouts": null
          },
          "sensitive_attributes": [],
          "private": "eyJlMmJmYjczMC1lY2FhLTExZTYtOGY4OC0zNDM2M2JjN2M0YzAiOnsiY3JlYXRlIjo2MDAwMDAwMDAwMDAsImRlbGV0ZSI6NjAwMDAwMDAwMDAwLCJyZWFkIjo2MDAwMDAwMDAwMCwidXBkYXRlIjo2MDAwMDAwMDAwMDB9fQ==",
          "dependencies": [
            "module.database.yandex_mdb_postgresql_cluster.this",
            "module.network.yandex_vpc_network.this",
            "module.network.yandex_vpc_security_group.bastion",
            "module.network.yandex_vpc_security_group.private",
            "module.network.yandex_vpc_subnet.private"
          ]
        }
      ]
    },
    {
      "module": "module.network",
      "mode": "managed",
      "type": "yandex_vpc_network",
      "name": "this",
      "provider": "provider[\"registry.terraform.io/yandex-cloud/yandex\"]",
      "instances": [
        {
          "schema_version": 0,
          "attributes": {
            "created_at": "2025-04-07T21:42:49Z",
            "default_security_group_id": "enprdn7akg5h89qfif4a",
            "description": "",
            "folder_id": "b1g29785h55ampa74ipj",
            "id": "enpvbgv8tts4e4v605c0",
            "labels": {},
            "name": "main-vpc",
            "subnet_ids": [],
            "timeouts": null
          },
          "sensitive_attributes": [],
          "private": "eyJlMmJmYjczMC1lY2FhLTExZTYtOGY4OC0zNDM2M2JjN2M0YzAiOnsiY3JlYXRlIjo2MDAwMDAwMDAwMCwiZGVsZXRlIjo2MDAwMDAwMDAwMCwidXBkYXRlIjo2MDAwMDAwMDAwMH19"
        }
      ]
    },
    {
      "module": "module.network",
      "mode": "managed",
      "type": "yandex_vpc_security_group",
      "name": "bastion",
      "provider": "provider[\"registry.terraform.io/yandex-cloud/yandex\"]",
      "instances": [
        {
          "schema_version": 0,
          "attributes": {
            "created_at": "2025-04-07T21:42:52Z",
            "description": "",
            "egress": [
              {
                "description": "",
                "from_port": 0,
                "id": "enp0u70f0qrvvhqlnab0",
                "labels": {},
                "port": -1,
                "predefined_target": "",
                "protocol": "ANY",
                "security_group_id": "",
                "to_port": 65535,
                "v4_cidr_blocks": [
                  "0.0.0.0/0"
                ],
                "v6_cidr_blocks": []
              }
            ],
            "folder_id": "b1g29785h55ampa74ipj",
            "id": "enpkk08q6np47nbi2kpb",
            "ingress": [
              {
                "description": "SSH from home-ip",
                "from_port": -1,
                "id": "enpeca4nhl1ng33n1vtu",
                "labels": {},
                "port": 22,
                "predefined_target": "",
                "protocol": "TCP",
                "security_group_id": "",
                "to_port": -1,
                "v4_cidr_blocks": [
                  "104.28.198.245/32"
                ],
                "v6_cidr_blocks": []
              }
            ],
            "labels": {},
            "name": "bastion-sg",
            "network_id": "enpvbgv8tts4e4v605c0",
            "status": "ACTIVE",
            "timeouts": null
          },
          "sensitive_attributes": [],
          "private": "eyJlMmJmYjczMC1lY2FhLTExZTYtOGY4OC0zNDM2M2JjN2M0YzAiOnsiY3JlYXRlIjoxODAwMDAwMDAwMDAsImRlbGV0ZSI6MTgwMDAwMDAwMDAwLCJ1cGRhdGUiOjE4MDAwMDAwMDAwMH19",
          "dependencies": [
            "module.network.yandex_vpc_network.this"
          ]
        }
      ]
    },
    {
      "module": "module.network",
      "mode": "managed",
      "type": "yandex_vpc_security_group",
      "name": "private",
      "provider": "provider[\"registry.terraform.io/yandex-cloud/yandex\"]",
      "instances": [
        {
          "schema_version": 0,
          "attributes": {
            "created_at": "2025-04-07T21:42:54Z",
            "description": "",
            "egress": [
              {
                "description": "",
                "from_port": 0,
                "id": "enpegvh9vgqututlo82h",
                "labels": {},
                "port": -1,
                "predefined_target": "",
                "protocol": "ANY",
                "security_group_id": "",
                "to_port": 65535,
                "v4_cidr_blocks": [
                  "0.0.0.0/0"
                ],
                "v6_cidr_blocks": []
              }
            ],
            "folder_id": "b1g29785h55ampa74ipj",
            "id": "enpnc8jl5gn84e1sfi4h",
            "ingress": [
              {
                "description": "PostgreSQL",
                "from_port": -1,
                "id": "enpsrvp6drf0ic9mope9",
                "labels": {},
                "port": 5432,
                "predefined_target": "",
                "protocol": "TCP",
                "security_group_id": "",
                "to_port": -1,
                "v4_cidr_blocks": [
                  "192.168.20.0/24"
                ],
                "v6_cidr_blocks": []
              },
              {
                "description": "SSH from bastion",
                "from_port": -1,
                "id": "enpg2kspvsi7e7ngcbcd",
                "labels": {},
                "port": 22,
                "predefined_target": "",
                "protocol": "TCP",
                "security_group_id": "enpkk08q6np47nbi2kpb",
                "to_port": -1,
                "v4_cidr_blocks": [],
                "v6_cidr_blocks": []
              }
            ],
            "labels": {},
            "name": "private-sg",
            "network_id": "enpvbgv8tts4e4v605c0",
            "status": "ACTIVE",
            "timeouts": null
          },
          "sensitive_attributes": [],
          "private": "eyJlMmJmYjczMC1lY2FhLTExZTYtOGY4OC0zNDM2M2JjN2M0YzAiOnsiY3JlYXRlIjoxODAwMDAwMDAwMDAsImRlbGV0ZSI6MTgwMDAwMDAwMDAwLCJ1cGRhdGUiOjE4MDAwMDAwMDAwMH19",
          "dependencies": [
            "module.network.yandex_vpc_network.this",
            "module.network.yandex_vpc_security_group.bastion"
          ]
        }
      ]
    },
    {
      "module": "module.network",
      "mode": "managed",
      "type": "yandex_vpc_subnet",
      "name": "private",
      "provider": "provider[\"registry.terraform.io/yandex-cloud/yandex\"]",
      "instances": [
        {
          "schema_version": 0,
          "attributes": {
            "created_at": "2025-04-07T21:42:51Z",
            "description": "",
            "dhcp_options": [],
            "folder_id": "b1g29785h55ampa74ipj",
            "id": "e2l2ciutk7hbcdqr3hn7",
            "labels": {},
            "name": "private-subnet",
            "network_id": "enpvbgv8tts4e4v605c0",
            "route_table_id": "",
            "timeouts": null,
            "v4_cidr_blocks": [
              "192.168.20.0/24"
            ],
            "v6_cidr_blocks": [],
            "zone": "ru-central1-b"
          },
          "sensitive_attributes": [],
          "private": "eyJlMmJmYjczMC1lY2FhLTExZTYtOGY4OC0zNDM2M2JjN2M0YzAiOnsiY3JlYXRlIjoxODAwMDAwMDAwMDAsImRlbGV0ZSI6MTgwMDAwMDAwMDAwLCJ1cGRhdGUiOjE4MDAwMDAwMDAwMH19",
          "dependencies": [
            "module.network.yandex_vpc_network.this"
          ]
        }
      ]
    },
    {
      "module": "module.network",
      "mode": "managed",
      "type": "yandex_vpc_subnet",
      "name": "public",
      "provider": "provider[\"registry.terraform.io/yandex-cloud/yandex\"]",
      "instances": [
        {
          "schema_version": 0,
          "attributes": {
            "created_at": "2025-04-07T21:42:51Z",
            "description": "",
            "dhcp_options": [],
            "folder_id": "b1g29785h55ampa74ipj",
            "id": "e9bl5hs8294ftf3f8n4q",
            "labels": {},
            "name": "public-subnet",
            "network_id": "enpvbgv8tts4e4v605c0",
            "route_table_id": "",
            "timeouts": null,
            "v4_cidr_blocks": [
              "192.168.10.0/24"
            ],
            "v6_cidr_blocks": [],
            "zone": "ru-central1-a"
          },
          "sensitive_attributes": [],
          "private": "eyJlMmJmYjczMC1lY2FhLTExZTYtOGY4OC0zNDM2M2JjN2M0YzAiOnsiY3JlYXRlIjoxODAwMDAwMDAwMDAsImRlbGV0ZSI6MTgwMDAwMDAwMDAwLCJ1cGRhdGUiOjE4MDAwMDAwMDAwMH19",
          "dependencies": [
            "module.network.yandex_vpc_network.this"
          ]
        }
      ]
    }
  ],
  "check_results": null
}
